// !$*UTF8*$!
{
	archiveVersion = 1;
	classes = {
	};
	objectVersion = 50;
	objects = {

/* Begin PBXBuildFile section */
		DABAE29B210DD50E009CDC03 /* MockModel.swift in Sources */ = {isa = PBXBuildFile; fileRef = DABAE29A210DD50E009CDC03 /* MockModel.swift */; };
		DABAE29D210DD541009CDC03 /* MockFile.json in Resources */ = {isa = PBXBuildFile; fileRef = DABAE29C210DD541009CDC03 /* MockFile.json */; };
		DADC00E4211D7F0200CCAC74 /* Hero.swift in Sources */ = {isa = PBXBuildFile; fileRef = DADC00E0211D7F0200CCAC74 /* Hero.swift */; };
		DADC00E5211D7F0200CCAC74 /* HeroError.swift in Sources */ = {isa = PBXBuildFile; fileRef = DADC00E1211D7F0200CCAC74 /* HeroError.swift */; };
		DADC00E9211D7F5C00CCAC74 /* libCodableHero.a in Frameworks */ = {isa = PBXBuildFile; fileRef = DADC00D8211D7EF200CCAC74 /* libCodableHero.a */; };
		DAE95A42210DC4BB00A8FE82 /* TestImplementation.swift in Sources */ = {isa = PBXBuildFile; fileRef = DA5D1064210DC0F1005E323A /* TestImplementation.swift */; };
/* End PBXBuildFile section */

/* Begin PBXFileReference section */
		DA5D1041210DBEBD005E323A /* Tests.xctest */ = {isa = PBXFileReference; explicitFileType = wrapper.cfbundle; includeInIndex = 0; path = Tests.xctest; sourceTree = BUILT_PRODUCTS_DIR; };
		DA5D104D210DC008005E323A /* Configuration */ = {isa = PBXFileReference; lastKnownFileType = folder; path = Configuration; sourceTree = "<group>"; };
		DA5D1064210DC0F1005E323A /* TestImplementation.swift */ = {isa = PBXFileReference; lastKnownFileType = sourcecode.swift; path = TestImplementation.swift; sourceTree = "<group>"; };
		DABAE29A210DD50E009CDC03 /* MockModel.swift */ = {isa = PBXFileReference; lastKnownFileType = sourcecode.swift; path = MockModel.swift; sourceTree = "<group>"; };
		DABAE29C210DD541009CDC03 /* MockFile.json */ = {isa = PBXFileReference; lastKnownFileType = text.json; path = MockFile.json; sourceTree = "<group>"; xcLanguageSpecificationIdentifier = xcode.lang.json; };
		DADC00D8211D7EF200CCAC74 /* libCodableHero.a */ = {isa = PBXFileReference; explicitFileType = archive.ar; includeInIndex = 0; path = libCodableHero.a; sourceTree = BUILT_PRODUCTS_DIR; };
		DADC00E0211D7F0200CCAC74 /* Hero.swift */ = {isa = PBXFileReference; fileEncoding = 4; lastKnownFileType = sourcecode.swift; path = Hero.swift; sourceTree = "<group>"; };
		DADC00E1211D7F0200CCAC74 /* HeroError.swift */ = {isa = PBXFileReference; fileEncoding = 4; lastKnownFileType = sourcecode.swift; path = HeroError.swift; sourceTree = "<group>"; };
/* End PBXFileReference section */

/* Begin PBXFrameworksBuildPhase section */
		DA5D103E210DBEBD005E323A /* Frameworks */ = {
			isa = PBXFrameworksBuildPhase;
			buildActionMask = 2147483647;
			files = (
				DADC00E9211D7F5C00CCAC74 /* libCodableHero.a in Frameworks */,
			);
			runOnlyForDeploymentPostprocessing = 0;
		};
/* End PBXFrameworksBuildPhase section */

/* Begin PBXGroup section */
		DA5D1028210DBE9B005E323A = {
			isa = PBXGroup;
			children = (
				DADC00DF211D7F0200CCAC74 /* Source */,
				DA5D1055210DC024005E323A /* Tests */,
				DA5D104E210DC01B005E323A /* Resources */,
				DA5D1033210DBE9B005E323A /* Products */,
				DA5D104D210DC008005E323A /* Configuration */,
			);
			sourceTree = "<group>";
		};
		DA5D1033210DBE9B005E323A /* Products */ = {
			isa = PBXGroup;
			children = (
				DA5D1041210DBEBD005E323A /* Tests.xctest */,
				DADC00D8211D7EF200CCAC74 /* libCodableHero.a */,
			);
			name = Products;
			sourceTree = "<group>";
		};
		DA5D104E210DC01B005E323A /* Resources */ = {
			isa = PBXGroup;
			children = (
				DABAE29C210DD541009CDC03 /* MockFile.json */,
			);
			path = Resources;
			sourceTree = "<group>";
		};
		DA5D1055210DC024005E323A /* Tests */ = {
			isa = PBXGroup;
			children = (
				DA5D1064210DC0F1005E323A /* TestImplementation.swift */,
				DABAE29A210DD50E009CDC03 /* MockModel.swift */,
			);
			path = Tests;
			sourceTree = "<group>";
		};
		DADC00DF211D7F0200CCAC74 /* Source */ = {
			isa = PBXGroup;
			children = (
				DADC00E0211D7F0200CCAC74 /* Hero.swift */,
				DADC00E1211D7F0200CCAC74 /* HeroError.swift */,
			);
			path = Source;
			sourceTree = "<group>";
		};
/* End PBXGroup section */

/* Begin PBXNativeTarget section */
		DA5D1040210DBEBD005E323A /* Tests */ = {
			isa = PBXNativeTarget;
			buildConfigurationList = DA5D1049210DBEBD005E323A /* Build configuration list for PBXNativeTarget "Tests" */;
			buildPhases = (
				DA5D103D210DBEBD005E323A /* Sources */,
				DA5D103E210DBEBD005E323A /* Frameworks */,
				DA5D103F210DBEBD005E323A /* Resources */,
			);
			buildRules = (
			);
			dependencies = (
			);
			name = Tests;
			productName = Tests;
			productReference = DA5D1041210DBEBD005E323A /* Tests.xctest */;
			productType = "com.apple.product-type.bundle.unit-test";
		};
		DADC00D7211D7EF200CCAC74 /* CodableHero */ = {
			isa = PBXNativeTarget;
			buildConfigurationList = DADC00DC211D7EF200CCAC74 /* Build configuration list for PBXNativeTarget "CodableHero" */;
			buildPhases = (
				DADC00D4211D7EF200CCAC74 /* Sources */,
				DADC011C211DBBC700CCAC74 /* Resources */,
			);
			buildRules = (
			);
			dependencies = (
			);
			name = CodableHero;
			productName = CodableHero;
			productReference = DADC00D8211D7EF200CCAC74 /* libCodableHero.a */;
			productType = "com.apple.product-type.library.static";
		};
/* End PBXNativeTarget section */

/* Begin PBXProject section */
		DA5D1029210DBE9B005E323A /* Project object */ = {
			isa = PBXProject;
			attributes = {
				LastSwiftUpdateCheck = 1000;
				LastUpgradeCheck = 1000;
				ORGANIZATIONNAME = iturbide;
				TargetAttributes = {
					DA5D1040210DBEBD005E323A = {
						CreatedOnToolsVersion = 10.0;
					};
					DADC00D7211D7EF200CCAC74 = {
						CreatedOnToolsVersion = 10.0;
					};
				};
			};
			buildConfigurationList = DA5D102C210DBE9B005E323A /* Build configuration list for PBXProject "CodableHero" */;
			compatibilityVersion = "Xcode 9.3";
			developmentRegion = en;
			hasScannedForEncodings = 0;
			knownRegions = (
				en,
			);
			mainGroup = DA5D1028210DBE9B005E323A;
			productRefGroup = DA5D1033210DBE9B005E323A /* Products */;
			projectDirPath = "";
			projectRoot = "";
			targets = (
				DADC00D7211D7EF200CCAC74 /* CodableHero */,
				DA5D1040210DBEBD005E323A /* Tests */,
			);
		};
/* End PBXProject section */

/* Begin PBXResourcesBuildPhase section */
		DA5D103F210DBEBD005E323A /* Resources */ = {
			isa = PBXResourcesBuildPhase;
			buildActionMask = 2147483647;
			files = (
				DABAE29D210DD541009CDC03 /* MockFile.json in Resources */,
			);
			runOnlyForDeploymentPostprocessing = 0;
		};
		DADC011C211DBBC700CCAC74 /* Resources */ = {
			isa = PBXResourcesBuildPhase;
			buildActionMask = 2147483647;
			files = (
			);
			runOnlyForDeploymentPostprocessing = 0;
		};
/* End PBXResourcesBuildPhase section */

/* Begin PBXSourcesBuildPhase section */
		DA5D103D210DBEBD005E323A /* Sources */ = {
			isa = PBXSourcesBuildPhase;
			buildActionMask = 2147483647;
			files = (
				DAE95A42210DC4BB00A8FE82 /* TestImplementation.swift in Sources */,
				DABAE29B210DD50E009CDC03 /* MockModel.swift in Sources */,
			);
			runOnlyForDeploymentPostprocessing = 0;
		};
		DADC00D4211D7EF200CCAC74 /* Sources */ = {
			isa = PBXSourcesBuildPhase;
			buildActionMask = 2147483647;
			files = (
				DADC00E5211D7F0200CCAC74 /* HeroError.swift in Sources */,
				DADC00E4211D7F0200CCAC74 /* Hero.swift in Sources */,
			);
			runOnlyForDeploymentPostprocessing = 0;
		};
/* End PBXSourcesBuildPhase section */

/* Begin XCBuildConfiguration section */
		DA5D1038210DBE9B005E323A /* Debug */ = {
			isa = XCBuildConfiguration;
			buildSettings = {
				ALWAYS_SEARCH_USER_PATHS = NO;
				CLANG_ANALYZER_NONNULL = YES;
				CLANG_ANALYZER_NUMBER_OBJECT_CONVERSION = YES_AGGRESSIVE;
				CLANG_CXX_LANGUAGE_STANDARD = "gnu++14";
				CLANG_CXX_LIBRARY = "libc++";
				CLANG_ENABLE_OBJC_ARC = YES;
				CLANG_ENABLE_OBJC_WEAK = YES;
				CLANG_WARN_BLOCK_CAPTURE_AUTORELEASING = YES;
				CLANG_WARN_BOOL_CONVERSION = YES;
				CLANG_WARN_COMMA = YES;
				CLANG_WARN_CONSTANT_CONVERSION = YES;
				CLANG_WARN_DEPRECATED_OBJC_IMPLEMENTATIONS = YES;
				CLANG_WARN_DIRECT_OBJC_ISA_USAGE = YES_ERROR;
				CLANG_WARN_DOCUMENTATION_COMMENTS = YES;
				CLANG_WARN_EMPTY_BODY = YES;
				CLANG_WARN_ENUM_CONVERSION = YES;
				CLANG_WARN_INFINITE_RECURSION = YES;
				CLANG_WARN_INT_CONVERSION = YES;
				CLANG_WARN_NON_LITERAL_NULL_CONVERSION = YES;
				CLANG_WARN_OBJC_IMPLICIT_RETAIN_SELF = YES;
				CLANG_WARN_OBJC_LITERAL_CONVERSION = YES;
				CLANG_WARN_OBJC_ROOT_CLASS = YES_ERROR;
				CLANG_WARN_RANGE_LOOP_ANALYSIS = YES;
				CLANG_WARN_STRICT_PROTOTYPES = YES;
				CLANG_WARN_SUSPICIOUS_MOVE = YES;
				CLANG_WARN_UNGUARDED_AVAILABILITY = YES_AGGRESSIVE;
				CLANG_WARN_UNREACHABLE_CODE = YES;
				CLANG_WARN__DUPLICATE_METHOD_MATCH = YES;
				CODE_SIGN_IDENTITY = "iPhone Developer";
				COPY_PHASE_STRIP = NO;
				CURRENT_PROJECT_VERSION = 1;
				DEBUG_INFORMATION_FORMAT = dwarf;
				ENABLE_STRICT_OBJC_MSGSEND = YES;
				ENABLE_TESTABILITY = YES;
				GCC_C_LANGUAGE_STANDARD = gnu11;
				GCC_DYNAMIC_NO_PIC = NO;
				GCC_NO_COMMON_BLOCKS = YES;
				GCC_OPTIMIZATION_LEVEL = 0;
				GCC_PREPROCESSOR_DEFINITIONS = (
					"DEBUG=1",
					"$(inherited)",
				);
				GCC_WARN_64_TO_32_BIT_CONVERSION = YES;
				GCC_WARN_ABOUT_RETURN_TYPE = YES_ERROR;
				GCC_WARN_UNDECLARED_SELECTOR = YES;
				GCC_WARN_UNINITIALIZED_AUTOS = YES_AGGRESSIVE;
				GCC_WARN_UNUSED_FUNCTION = YES;
				GCC_WARN_UNUSED_VARIABLE = YES;
				IPHONEOS_DEPLOYMENT_TARGET = 9.0;
				MTL_ENABLE_DEBUG_INFO = INCLUDE_SOURCE;
				MTL_FAST_MATH = YES;
				ONLY_ACTIVE_ARCH = YES;
				SDKROOT = iphoneos;
				SWIFT_ACTIVE_COMPILATION_CONDITIONS = DEBUG;
				SWIFT_INSTALL_OBJC_HEADER = NO;
				SWIFT_OPTIMIZATION_LEVEL = "-Onone";
				SWIFT_VERSION = 4.2;
				VERSIONING_SYSTEM = "";
				VERSION_INFO_PREFIX = "";
			};
			name = Debug;
		};
		DA5D1039210DBE9B005E323A /* Release */ = {
			isa = XCBuildConfiguration;
			buildSettings = {
				ALWAYS_SEARCH_USER_PATHS = NO;
				CLANG_ANALYZER_NONNULL = YES;
				CLANG_ANALYZER_NUMBER_OBJECT_CONVERSION = YES_AGGRESSIVE;
				CLANG_CXX_LANGUAGE_STANDARD = "gnu++14";
				CLANG_CXX_LIBRARY = "libc++";
				CLANG_ENABLE_OBJC_ARC = YES;
				CLANG_ENABLE_OBJC_WEAK = YES;
				CLANG_WARN_BLOCK_CAPTURE_AUTORELEASING = YES;
				CLANG_WARN_BOOL_CONVERSION = YES;
				CLANG_WARN_COMMA = YES;
				CLANG_WARN_CONSTANT_CONVERSION = YES;
				CLANG_WARN_DEPRECATED_OBJC_IMPLEMENTATIONS = YES;
				CLANG_WARN_DIRECT_OBJC_ISA_USAGE = YES_ERROR;
				CLANG_WARN_DOCUMENTATION_COMMENTS = YES;
				CLANG_WARN_EMPTY_BODY = YES;
				CLANG_WARN_ENUM_CONVERSION = YES;
				CLANG_WARN_INFINITE_RECURSION = YES;
				CLANG_WARN_INT_CONVERSION = YES;
				CLANG_WARN_NON_LITERAL_NULL_CONVERSION = YES;
				CLANG_WARN_OBJC_IMPLICIT_RETAIN_SELF = YES;
				CLANG_WARN_OBJC_LITERAL_CONVERSION = YES;
				CLANG_WARN_OBJC_ROOT_CLASS = YES_ERROR;
				CLANG_WARN_RANGE_LOOP_ANALYSIS = YES;
				CLANG_WARN_STRICT_PROTOTYPES = YES;
				CLANG_WARN_SUSPICIOUS_MOVE = YES;
				CLANG_WARN_UNGUARDED_AVAILABILITY = YES_AGGRESSIVE;
				CLANG_WARN_UNREACHABLE_CODE = YES;
				CLANG_WARN__DUPLICATE_METHOD_MATCH = YES;
				CODE_SIGN_IDENTITY = "iPhone Developer";
				COPY_PHASE_STRIP = NO;
				CURRENT_PROJECT_VERSION = 1;
				DEBUG_INFORMATION_FORMAT = dwarf;
				ENABLE_NS_ASSERTIONS = NO;
				ENABLE_STRICT_OBJC_MSGSEND = YES;
				GCC_C_LANGUAGE_STANDARD = gnu11;
				GCC_NO_COMMON_BLOCKS = YES;
				GCC_WARN_64_TO_32_BIT_CONVERSION = YES;
				GCC_WARN_ABOUT_RETURN_TYPE = YES_ERROR;
				GCC_WARN_UNDECLARED_SELECTOR = YES;
				GCC_WARN_UNINITIALIZED_AUTOS = YES_AGGRESSIVE;
				GCC_WARN_UNUSED_FUNCTION = YES;
				GCC_WARN_UNUSED_VARIABLE = YES;
				IPHONEOS_DEPLOYMENT_TARGET = 9.0;
				MTL_ENABLE_DEBUG_INFO = NO;
				MTL_FAST_MATH = YES;
				SDKROOT = iphoneos;
				SWIFT_COMPILATION_MODE = wholemodule;
				SWIFT_INSTALL_OBJC_HEADER = NO;
				SWIFT_OPTIMIZATION_LEVEL = "-O";
				SWIFT_VERSION = 4.2;
				VALIDATE_PRODUCT = YES;
				VERSIONING_SYSTEM = "";
				VERSION_INFO_PREFIX = "";
			};
			name = Release;
		};
		DA5D104A210DBEBD005E323A /* Debug */ = {
			isa = XCBuildConfiguration;
			buildSettings = {
				CODE_SIGN_STYLE = Automatic;
				DEVELOPMENT_TEAM = 7AMWG3RLHN;
				INFOPLIST_FILE = Configuration/tests.plist;
				LD_RUNPATH_SEARCH_PATHS = (
					"$(inherited)",
					"@executable_path/Frameworks",
					"@loader_path/Frameworks",
				);
				PRODUCT_BUNDLE_IDENTIFIER = iturbide.CodableHero.Tests;
				PRODUCT_NAME = "$(TARGET_NAME)";
				TARGETED_DEVICE_FAMILY = "1,2";
			};
			name = Debug;
		};
		DA5D104B210DBEBD005E323A /* Release */ = {
			isa = XCBuildConfiguration;
			buildSettings = {
				CODE_SIGN_STYLE = Automatic;
				DEVELOPMENT_TEAM = 7AMWG3RLHN;
				INFOPLIST_FILE = Configuration/tests.plist;
				LD_RUNPATH_SEARCH_PATHS = (
					"$(inherited)",
					"@executable_path/Frameworks",
					"@loader_path/Frameworks",
				);
				PRODUCT_BUNDLE_IDENTIFIER = iturbide.CodableHero.Tests;
				PRODUCT_NAME = "$(TARGET_NAME)";
				TARGETED_DEVICE_FAMILY = "1,2";
			};
			name = Release;
		};
		DADC00DD211D7EF200CCAC74 /* Debug */ = {
			isa = XCBuildConfiguration;
			buildSettings = {
				CODE_SIGN_STYLE = Automatic;
				DEBUG_INFORMATION_FORMAT = dwarf;
				DEVELOPMENT_TEAM = 7AMWG3RLHN;
				OTHER_LDFLAGS = "-ObjC";
				PRODUCT_NAME = "$(TARGET_NAME)";
				SKIP_INSTALL = YES;
				TARGETED_DEVICE_FAMILY = "1,2";
			};
			name = Debug;
		};
		DADC00DE211D7EF200CCAC74 /* Release */ = {
			isa = XCBuildConfiguration;
			buildSettings = {
				CODE_SIGN_STYLE = Automatic;
				DEBUG_INFORMATION_FORMAT = dwarf;
				DEVELOPMENT_TEAM = 7AMWG3RLHN;
				OTHER_LDFLAGS = "-ObjC";
				PRODUCT_NAME = "$(TARGET_NAME)";
				SKIP_INSTALL = YES;
				TARGETED_DEVICE_FAMILY = "1,2";
			};
			name = Release;
		};
/* End XCBuildConfiguration section */

/* Begin XCConfigurationList section */
		DA5D102C210DBE9B005E323A /* Build configuration list for PBXProject "CodableHero" */ = {
			isa = XCConfigurationList;
			buildConfigurations = (
				DA5D1038210DBE9B005E323A /* Debug */,
				DA5D1039210DBE9B005E323A /* Release */,
			);
			defaultConfigurationIsVisible = 0;
			defaultConfigurationName = Release;
		};
		DA5D1049210DBEBD005E323A /* Build configuration list for PBXNativeTarget "Tests" */ = {
			isa = XCConfigurationList;
			buildConfigurations = (
				DA5D104A210DBEBD005E323A /* Debug */,
				DA5D104B210DBEBD005E323A /* Release */,
			);
			defaultConfigurationIsVisible = 0;
			defaultConfigurationName = Release;
		};
		DADC00DC211D7EF200CCAC74 /* Build configuration list for PBXNativeTarget "CodableHero" */ = {
			isa = XCConfigurationList;
			buildConfigurations = (
				DADC00DD211D7EF200CCAC74 /* Debug */,
				DADC00DE211D7EF200CCAC74 /* Release */,
			);
			defaultConfigurationIsVisible = 0;
			defaultConfigurationName = Release;
		};
/* End XCConfigurationList section */
	};
	rootObject = DA5D1029210DBE9B005E323A /* Project object */;
}
